# This file was autogenerated by Stack.
# You should not edit this file by hand.
# For more information, please see the documentation at:
#   https://docs.haskellstack.org/en/stable/lock_files

packages:
- completed:
    hackage: conduit-1.2.13.1@sha256:afd4db7fe66ae7af3d418e1a932384a8dee08df2f6299cca80e53ba964ce1228,4371
    pantry-tree:
      size: 1191
      sha256: c24b0058c187a98780d227072cb701efeca1571c1c88ca331e53799cc3d051fb
  original:
    hackage: conduit-1.2.13.1@sha256:afd4db7fe66ae7af3d418e1a932384a8dee08df2f6299cca80e53ba964ce1228,4371
- completed:
    hackage: conduit-extra-1.1.17@sha256:dfa0d00dc11a8a4c3fdff15374c378ee34c25a2255b52194aa1ea3c1f1a63fd7,4521
    pantry-tree:
      size: 2247
      sha256: 2ba7cbdb0fcc7aee0d074ab8a721adf8d39d341164704241debf9ca19ebb6946
  original:
    hackage: conduit-extra-1.1.17@sha256:dfa0d00dc11a8a4c3fdff15374c378ee34c25a2255b52194aa1ea3c1f1a63fd7,4521
- completed:
    hackage: resourcet-1.1.11@sha256:6c16ce2485e4368048ee618f36bd8606aff8212100333d834b205b14cb4c6023,1981
    pantry-tree:
      size: 647
      sha256: a20624ee1b2369b258059674aa9dac02e0e3b5a076fe08aa1417dd4788247498
  original:
    hackage: resourcet-1.1.11@sha256:6c16ce2485e4368048ee618f36bd8606aff8212100333d834b205b14cb4c6023,1981
- completed:
    hackage: streaming-commons-0.1.19@sha256:3a02f84578f75eac1425dca877f8d697b68d379a21970c1dad96196620404803,5262
    pantry-tree:
      size: 3544
      sha256: 1a064ebd5371903f8192e0486fa1aff8030acac4e5145088106456c71ef91f2b
  original:
    hackage: streaming-commons-0.1.19@sha256:3a02f84578f75eac1425dca877f8d697b68d379a21970c1dad96196620404803,5262
- completed:
    hackage: ormolu-0.1.3.1@sha256:2d4a34a5807959ebc370c36ceccc9c293d2bffef8255caf3453eb7bc7ae5e16b,6038
    pantry-tree:
      size: 71915
      sha256: 35f15f75845c63a9d26e6fa743b74533f958cac80a942ef6b2e7ef942a12e8ea
  original:
    hackage: ormolu-0.1.3.1@sha256:2d4a34a5807959ebc370c36ceccc9c293d2bffef8255caf3453eb7bc7ae5e16b,6038
- completed:
    hackage: ghc-lib-parser-8.10.2.20200916@sha256:86a014e66ed3fd088106e70b1b542a20db2db632af4bb0b592b2a6118d419859,8717
    pantry-tree:
      size: 19503
      sha256: e4745fe66a3f45bcd5c6b6719d5a628427fa1fffcc111b902411bffa76523e7d
  original:
    hackage: ghc-lib-parser-8.10.2.20200916@sha256:86a014e66ed3fd088106e70b1b542a20db2db632af4bb0b592b2a6118d419859,8717
snapshots:
- completed:
    size: 524154
    url: https://raw.githubusercontent.com/commercialhaskell/stackage-snapshots/master/lts/14/20.yaml
    sha256: 2f5099f69ddb6abfe64400fe1e6a604e8e628f55e6837211cd70a81eb0a8fa4d
  original: lts-14.20
